
Microsoft Visual Studio Solution File, Format Version 12.00
# Visual Studio 15
Project("{FAE04EC0-301F-11D3-BF4B-00C04F79EFBC}") = "Assembly-CSharp-Editor", "Assembly-CSharp-Editor.csproj", "{74301723-021A-A056-2746-B9118A89739F}"
EndProject
Project("{FAE04EC0-301F-11D3-BF4B-00C04F79EFBC}") = "Assembly-CSharp", "Assembly-CSharp.csproj", "{80CC4099-CF6A-5599-DB36-2CFD7BA371C0}"
EndProject
Global
	GlobalSection(SolutionConfigurationPlatforms) = preSolution
		Debug|Any CPU = Debug|Any CPU
		Release|Any CPU = Release|Any CPU
	EndGlobalSection
	GlobalSection(ProjectConfigurationPlatforms) = postSolution
		{74301723-021A-A056-2746-B9118A89739F}.Debug|Any CPU.ActiveCfg = Debug|Any CPU
		{74301723-021A-A056-2746-B9118A89739F}.Debug|Any CPU.Build.0 = Debug|Any CPU
		{74301723-021A-A056-2746-B9118A89739F}.Release|Any CPU.ActiveCfg = Release|Any CPU
		{74301723-021A-A056-2746-B9118A89739F}.Release|Any CPU.Build.0 = Release|Any CPU
		{80CC4099-CF6A-5599-DB36-2CFD7BA371C0}.Debug|Any CPU.ActiveCfg = Debug|Any CPU
		{80CC4099-CF6A-5599-DB36-2CFD7BA371C0}.Debug|Any CPU.Build.0 = Debug|Any CPU
		{80CC4099-CF6A-5599-DB36-2CFD7BA371C0}.Release|Any CPU.ActiveCfg = Release|Any CPU
		{80CC4099-CF6A-5599-DB36-2CFD7BA371C0}.Release|Any CPU.Build.0 = Release|Any CPU
	EndGlobalSection
	GlobalSection(SolutionProperties) = preSolution
		HideSolutionNode = FALSE
	EndGlobalSection
EndGlobal
